
Microsoft Visual Studio Solution File, Format Version 12.00
# Visual Studio 2012
Project("{FAE04EC0-301F-11D3-BF4B-00C04F79EFBC}") = "Dietphone", "Dietphone\Dietphone.csproj", "{87742C9F-0ED0-48E1-81D6-F5DFFF417259}"
EndProject
Project("{FAE04EC0-301F-11D3-BF4B-00C04F79EFBC}") = "Dietphone.Rarely.Phone", "Dietphone.Rarely.Phone\Dietphone.Rarely.Phone.csproj", "{6799EBF8-6CFB-4E40-8743-8DEFD9D4F1AF}"
EndProject
Project("{FAE04EC0-301F-11D3-BF4B-00C04F79EFBC}") = "Dietphone.Sometimes.Phone", "Dietphone.Sometimes.Phone\Dietphone.Sometimes.Phone.csproj", "{BDC02E97-D6B0-48A8-ABFD-6CFB46DE1D38}"
EndProject
Project("{FAE04EC0-301F-11D3-BF4B-00C04F79EFBC}") = "Dietphone.Common", "Dietphone.Common\Dietphone.Common.csproj", "{62A44F50-63F5-4F79-A980-1F85A8793E82}"
EndProject
Project("{FAE04EC0-301F-11D3-BF4B-00C04F79EFBC}") = "Dietphone.Common.Tests", "Dietphone.Common.Tests\Dietphone.Common.Tests.csproj", "{BFCCD72A-9BFF-4252-855A-C188B6C7B6FB}"
EndProject
Project("{2150E333-8FDC-42A3-9474-1A3956D46DE8}") = ".nuget", ".nuget", "{3040AB20-0956-4BD8-A0C0-DDEEBB1508F9}"
	ProjectSection(SolutionItems) = preProject
		.nuget\NuGet.Config = .nuget\NuGet.Config
		.nuget\NuGet.exe = .nuget\NuGet.exe
		.nuget\NuGet.targets = .nuget\NuGet.targets
	EndProjectSection
EndProject
Project("{FAE04EC0-301F-11D3-BF4B-00C04F79EFBC}") = "Dietphone.Common.Phone.Tests", "Dietphone.Common.Phone.Tests\Dietphone.Common.Phone.Tests.csproj", "{92635A0B-446F-4A4E-9DCA-13D847B93054}"
EndProject
Project("{FAE04EC0-301F-11D3-BF4B-00C04F79EFBC}") = "Dietphone.Common.Phone", "Dietphone.Common.Phone\Dietphone.Common.Phone.csproj", "{2788C479-27D7-4B73-94EA-988274ABB912}"
EndProject
Project("{FAE04EC0-301F-11D3-BF4B-00C04F79EFBC}") = "Dietphone.Common.Phone.Windows", "Dietphone.Common.Phone.Windows\Dietphone.Common.Phone.Windows.csproj", "{5B491308-7819-405D-9F2F-D6949A7022AD}"
EndProject
Project("{FAE04EC0-301F-11D3-BF4B-00C04F79EFBC}") = "Dietphone.Dropbox", "Dietphone.Dropbox\Dietphone.Dropbox.csproj", "{D5F64748-4E67-4BFE-A9C7-80739672C21A}"
EndProject
Project("{FAE04EC0-301F-11D3-BF4B-00C04F79EFBC}") = "Dietphone.Rarely.Phone.Tests", "Dietphone.Rarely.Phone.Tests\Dietphone.Rarely.Phone.Tests.csproj", "{30C9DA4E-19AD-4E5E-80B6-4361B4E326F0}"
EndProject
Global
	GlobalSection(TestCaseManagementSettings) = postSolution
		CategoryFile = Dietphone.vsmdi
	EndGlobalSection
	GlobalSection(SolutionConfigurationPlatforms) = preSolution
		Debug|Any CPU = Debug|Any CPU
		Debug|ARM = Debug|ARM
		Debug|x86 = Debug|x86
		Release|Any CPU = Release|Any CPU
		Release|ARM = Release|ARM
		Release|x86 = Release|x86
	EndGlobalSection
	GlobalSection(ProjectConfigurationPlatforms) = postSolution
		{87742C9F-0ED0-48E1-81D6-F5DFFF417259}.Debug|Any CPU.ActiveCfg = Debug|Any CPU
		{87742C9F-0ED0-48E1-81D6-F5DFFF417259}.Debug|Any CPU.Build.0 = Debug|Any CPU
		{87742C9F-0ED0-48E1-81D6-F5DFFF417259}.Debug|Any CPU.Deploy.0 = Debug|Any CPU
		{87742C9F-0ED0-48E1-81D6-F5DFFF417259}.Debug|ARM.ActiveCfg = Debug|ARM
		{87742C9F-0ED0-48E1-81D6-F5DFFF417259}.Debug|ARM.Build.0 = Debug|ARM
		{87742C9F-0ED0-48E1-81D6-F5DFFF417259}.Debug|ARM.Deploy.0 = Debug|ARM
		{87742C9F-0ED0-48E1-81D6-F5DFFF417259}.Debug|x86.ActiveCfg = Debug|x86
		{87742C9F-0ED0-48E1-81D6-F5DFFF417259}.Debug|x86.Build.0 = Debug|x86
		{87742C9F-0ED0-48E1-81D6-F5DFFF417259}.Debug|x86.Deploy.0 = Debug|x86
		{87742C9F-0ED0-48E1-81D6-F5DFFF417259}.Release|Any CPU.ActiveCfg = Release|Any CPU
		{87742C9F-0ED0-48E1-81D6-F5DFFF417259}.Release|Any CPU.Build.0 = Release|Any CPU
		{87742C9F-0ED0-48E1-81D6-F5DFFF417259}.Release|Any CPU.Deploy.0 = Release|Any CPU
		{87742C9F-0ED0-48E1-81D6-F5DFFF417259}.Release|ARM.ActiveCfg = Release|ARM
		{87742C9F-0ED0-48E1-81D6-F5DFFF417259}.Release|ARM.Build.0 = Release|ARM
		{87742C9F-0ED0-48E1-81D6-F5DFFF417259}.Release|ARM.Deploy.0 = Release|ARM
		{87742C9F-0ED0-48E1-81D6-F5DFFF417259}.Release|x86.ActiveCfg = Release|x86
		{87742C9F-0ED0-48E1-81D6-F5DFFF417259}.Release|x86.Build.0 = Release|x86
		{87742C9F-0ED0-48E1-81D6-F5DFFF417259}.Release|x86.Deploy.0 = Release|x86
		{6799EBF8-6CFB-4E40-8743-8DEFD9D4F1AF}.Debug|Any CPU.ActiveCfg = Debug|Any CPU
		{6799EBF8-6CFB-4E40-8743-8DEFD9D4F1AF}.Debug|Any CPU.Build.0 = Debug|Any CPU
		{6799EBF8-6CFB-4E40-8743-8DEFD9D4F1AF}.Debug|ARM.ActiveCfg = Debug|ARM
		{6799EBF8-6CFB-4E40-8743-8DEFD9D4F1AF}.Debug|ARM.Build.0 = Debug|ARM
		{6799EBF8-6CFB-4E40-8743-8DEFD9D4F1AF}.Debug|x86.ActiveCfg = Debug|x86
		{6799EBF8-6CFB-4E40-8743-8DEFD9D4F1AF}.Debug|x86.Build.0 = Debug|x86
		{6799EBF8-6CFB-4E40-8743-8DEFD9D4F1AF}.Release|Any CPU.ActiveCfg = Release|Any CPU
		{6799EBF8-6CFB-4E40-8743-8DEFD9D4F1AF}.Release|Any CPU.Build.0 = Release|Any CPU
		{6799EBF8-6CFB-4E40-8743-8DEFD9D4F1AF}.Release|ARM.ActiveCfg = Release|ARM
		{6799EBF8-6CFB-4E40-8743-8DEFD9D4F1AF}.Release|ARM.Build.0 = Release|ARM
		{6799EBF8-6CFB-4E40-8743-8DEFD9D4F1AF}.Release|x86.ActiveCfg = Release|x86
		{6799EBF8-6CFB-4E40-8743-8DEFD9D4F1AF}.Release|x86.Build.0 = Release|x86
		{BDC02E97-D6B0-48A8-ABFD-6CFB46DE1D38}.Debug|Any CPU.ActiveCfg = Debug|Any CPU
		{BDC02E97-D6B0-48A8-ABFD-6CFB46DE1D38}.Debug|Any CPU.Build.0 = Debug|Any CPU
		{BDC02E97-D6B0-48A8-ABFD-6CFB46DE1D38}.Debug|ARM.ActiveCfg = Debug|ARM
		{BDC02E97-D6B0-48A8-ABFD-6CFB46DE1D38}.Debug|ARM.Build.0 = Debug|ARM
		{BDC02E97-D6B0-48A8-ABFD-6CFB46DE1D38}.Debug|x86.ActiveCfg = Debug|x86
		{BDC02E97-D6B0-48A8-ABFD-6CFB46DE1D38}.Debug|x86.Build.0 = Debug|x86
		{BDC02E97-D6B0-48A8-ABFD-6CFB46DE1D38}.Release|Any CPU.ActiveCfg = Release|Any CPU
		{BDC02E97-D6B0-48A8-ABFD-6CFB46DE1D38}.Release|Any CPU.Build.0 = Release|Any CPU
		{BDC02E97-D6B0-48A8-ABFD-6CFB46DE1D38}.Release|ARM.ActiveCfg = Release|ARM
		{BDC02E97-D6B0-48A8-ABFD-6CFB46DE1D38}.Release|ARM.Build.0 = Release|ARM
		{BDC02E97-D6B0-48A8-ABFD-6CFB46DE1D38}.Release|x86.ActiveCfg = Release|x86
		{BDC02E97-D6B0-48A8-ABFD-6CFB46DE1D38}.Release|x86.Build.0 = Release|x86
		{62A44F50-63F5-4F79-A980-1F85A8793E82}.Debug|Any CPU.ActiveCfg = Debug|Any CPU
		{62A44F50-63F5-4F79-A980-1F85A8793E82}.Debug|Any CPU.Build.0 = Debug|Any CPU
		{62A44F50-63F5-4F79-A980-1F85A8793E82}.Debug|ARM.ActiveCfg = Debug|Any CPU
		{62A44F50-63F5-4F79-A980-1F85A8793E82}.Debug|x86.ActiveCfg = Debug|Any CPU
		{62A44F50-63F5-4F79-A980-1F85A8793E82}.Release|Any CPU.ActiveCfg = Release|Any CPU
		{62A44F50-63F5-4F79-A980-1F85A8793E82}.Release|Any CPU.Build.0 = Release|Any CPU
		{62A44F50-63F5-4F79-A980-1F85A8793E82}.Release|ARM.ActiveCfg = Release|Any CPU
		{62A44F50-63F5-4F79-A980-1F85A8793E82}.Release|x86.ActiveCfg = Release|Any CPU
		{BFCCD72A-9BFF-4252-855A-C188B6C7B6FB}.Debug|Any CPU.ActiveCfg = Debug|Any CPU
		{BFCCD72A-9BFF-4252-855A-C188B6C7B6FB}.Debug|Any CPU.Build.0 = Debug|Any CPU
		{BFCCD72A-9BFF-4252-855A-C188B6C7B6FB}.Debug|ARM.ActiveCfg = Debug|Any CPU
		{BFCCD72A-9BFF-4252-855A-C188B6C7B6FB}.Debug|x86.ActiveCfg = Debug|Any CPU
		{BFCCD72A-9BFF-4252-855A-C188B6C7B6FB}.Release|Any CPU.ActiveCfg = Release|Any CPU
		{BFCCD72A-9BFF-4252-855A-C188B6C7B6FB}.Release|Any CPU.Build.0 = Release|Any CPU
		{BFCCD72A-9BFF-4252-855A-C188B6C7B6FB}.Release|ARM.ActiveCfg = Release|Any CPU
		{BFCCD72A-9BFF-4252-855A-C188B6C7B6FB}.Release|x86.ActiveCfg = Release|Any CPU
		{92635A0B-446F-4A4E-9DCA-13D847B93054}.Debug|Any CPU.ActiveCfg = Debug|Any CPU
		{92635A0B-446F-4A4E-9DCA-13D847B93054}.Debug|Any CPU.Build.0 = Debug|Any CPU
		{92635A0B-446F-4A4E-9DCA-13D847B93054}.Debug|ARM.ActiveCfg = Debug|Any CPU
		{92635A0B-446F-4A4E-9DCA-13D847B93054}.Debug|x86.ActiveCfg = Debug|Any CPU
		{92635A0B-446F-4A4E-9DCA-13D847B93054}.Release|Any CPU.ActiveCfg = Release|Any CPU
		{92635A0B-446F-4A4E-9DCA-13D847B93054}.Release|Any CPU.Build.0 = Release|Any CPU
		{92635A0B-446F-4A4E-9DCA-13D847B93054}.Release|ARM.ActiveCfg = Release|Any CPU
		{92635A0B-446F-4A4E-9DCA-13D847B93054}.Release|x86.ActiveCfg = Release|Any CPU
		{2788C479-27D7-4B73-94EA-988274ABB912}.Debug|Any CPU.ActiveCfg = Debug|Any CPU
		{2788C479-27D7-4B73-94EA-988274ABB912}.Debug|Any CPU.Build.0 = Debug|Any CPU
		{2788C479-27D7-4B73-94EA-988274ABB912}.Debug|ARM.ActiveCfg = Debug|Any CPU
		{2788C479-27D7-4B73-94EA-988274ABB912}.Debug|x86.ActiveCfg = Debug|Any CPU
		{2788C479-27D7-4B73-94EA-988274ABB912}.Release|Any CPU.ActiveCfg = Release|Any CPU
		{2788C479-27D7-4B73-94EA-988274ABB912}.Release|Any CPU.Build.0 = Release|Any CPU
		{2788C479-27D7-4B73-94EA-988274ABB912}.Release|ARM.ActiveCfg = Release|Any CPU
		{2788C479-27D7-4B73-94EA-988274ABB912}.Release|x86.ActiveCfg = Release|Any CPU
		{5B491308-7819-405D-9F2F-D6949A7022AD}.Debug|Any CPU.ActiveCfg = Debug|Any CPU
		{5B491308-7819-405D-9F2F-D6949A7022AD}.Debug|Any CPU.Build.0 = Debug|Any CPU
		{5B491308-7819-405D-9F2F-D6949A7022AD}.Debug|ARM.ActiveCfg = Debug|ARM
		{5B491308-7819-405D-9F2F-D6949A7022AD}.Debug|ARM.Build.0 = Debug|ARM
		{5B491308-7819-405D-9F2F-D6949A7022AD}.Debug|x86.ActiveCfg = Debug|x86
		{5B491308-7819-405D-9F2F-D6949A7022AD}.Debug|x86.Build.0 = Debug|x86
		{5B491308-7819-405D-9F2F-D6949A7022AD}.Release|Any CPU.ActiveCfg = Release|Any CPU
		{5B491308-7819-405D-9F2F-D6949A7022AD}.Release|Any CPU.Build.0 = Release|Any CPU
		{5B491308-7819-405D-9F2F-D6949A7022AD}.Release|ARM.ActiveCfg = Release|ARM
		{5B491308-7819-405D-9F2F-D6949A7022AD}.Release|ARM.Build.0 = Release|ARM
		{5B491308-7819-405D-9F2F-D6949A7022AD}.Release|x86.ActiveCfg = Release|x86
		{5B491308-7819-405D-9F2F-D6949A7022AD}.Release|x86.Build.0 = Release|x86
		{D5F64748-4E67-4BFE-A9C7-80739672C21A}.Debug|Any CPU.ActiveCfg = Debug|Any CPU
		{D5F64748-4E67-4BFE-A9C7-80739672C21A}.Debug|Any CPU.Build.0 = Debug|Any CPU
		{D5F64748-4E67-4BFE-A9C7-80739672C21A}.Debug|ARM.ActiveCfg = Debug|Any CPU
		{D5F64748-4E67-4BFE-A9C7-80739672C21A}.Debug|x86.ActiveCfg = Debug|Any CPU
		{D5F64748-4E67-4BFE-A9C7-80739672C21A}.Release|Any CPU.ActiveCfg = Release|Any CPU
		{D5F64748-4E67-4BFE-A9C7-80739672C21A}.Release|Any CPU.Build.0 = Release|Any CPU
		{D5F64748-4E67-4BFE-A9C7-80739672C21A}.Release|ARM.ActiveCfg = Release|Any CPU
		{D5F64748-4E67-4BFE-A9C7-80739672C21A}.Release|x86.ActiveCfg = Release|Any CPU
		{30C9DA4E-19AD-4E5E-80B6-4361B4E326F0}.Debug|Any CPU.ActiveCfg = Debug|Any CPU
		{30C9DA4E-19AD-4E5E-80B6-4361B4E326F0}.Debug|Any CPU.Build.0 = Debug|Any CPU
		{30C9DA4E-19AD-4E5E-80B6-4361B4E326F0}.Debug|ARM.ActiveCfg = Debug|Any CPU
		{30C9DA4E-19AD-4E5E-80B6-4361B4E326F0}.Debug|x86.ActiveCfg = Debug|Any CPU
		{30C9DA4E-19AD-4E5E-80B6-4361B4E326F0}.Release|Any CPU.ActiveCfg = Release|Any CPU
		{30C9DA4E-19AD-4E5E-80B6-4361B4E326F0}.Release|Any CPU.Build.0 = Release|Any CPU
		{30C9DA4E-19AD-4E5E-80B6-4361B4E326F0}.Release|ARM.ActiveCfg = Release|Any CPU
		{30C9DA4E-19AD-4E5E-80B6-4361B4E326F0}.Release|x86.ActiveCfg = Release|Any CPU
	EndGlobalSection
	GlobalSection(SolutionProperties) = preSolution
		HideSolutionNode = FALSE
	EndGlobalSection
EndGlobal
