
Microsoft Visual Studio Solution File, Format Version 12.00
# Visual Studio 14
VisualStudioVersion = 14.0.24720.0
MinimumVisualStudioVersion = 10.0.40219.1
Project("{FAE04EC0-301F-11D3-BF4B-00C04F79EFBC}") = "Dietphone.Phone", "Dietphone.Phone\Dietphone.Phone.csproj", "{87742C9F-0ED0-48E1-81D6-F5DFFF417259}"
EndProject
Project("{FAE04EC0-301F-11D3-BF4B-00C04F79EFBC}") = "Dietphone.Phone.Rarely", "Dietphone.Phone.Rarely\Dietphone.Phone.Rarely.csproj", "{6799EBF8-6CFB-4E40-8743-8DEFD9D4F1AF}"
EndProject
Project("{FAE04EC0-301F-11D3-BF4B-00C04F79EFBC}") = "Dietphone.Phone.Sometimes", "Dietphone.Phone.Sometimes\Dietphone.Phone.Sometimes.csproj", "{BDC02E97-D6B0-48A8-ABFD-6CFB46DE1D38}"
EndProject
Project("{FAE04EC0-301F-11D3-BF4B-00C04F79EFBC}") = "Dietphone.Core", "Dietphone.Core\Dietphone.Core.csproj", "{62A44F50-63F5-4F79-A980-1F85A8793E82}"
EndProject
Project("{FAE04EC0-301F-11D3-BF4B-00C04F79EFBC}") = "Dietphone.Core.Tests", "Dietphone.Core.Tests\Dietphone.Core.Tests.csproj", "{BFCCD72A-9BFF-4252-855A-C188B6C7B6FB}"
EndProject
Project("{2150E333-8FDC-42A3-9474-1A3956D46DE8}") = ".nuget", ".nuget", "{3040AB20-0956-4BD8-A0C0-DDEEBB1508F9}"
	ProjectSection(SolutionItems) = preProject
		.nuget\NuGet.Config = .nuget\NuGet.Config
		.nuget\NuGet.exe = .nuget\NuGet.exe
		.nuget\NuGet.targets = .nuget\NuGet.targets
	EndProjectSection
EndProject
Project("{FAE04EC0-301F-11D3-BF4B-00C04F79EFBC}") = "Dietphone.Smartphone.Tests", "Dietphone.Smartphone.Tests\Dietphone.Smartphone.Tests.csproj", "{92635A0B-446F-4A4E-9DCA-13D847B93054}"
EndProject
Project("{FAE04EC0-301F-11D3-BF4B-00C04F79EFBC}") = "Dietphone.Smartphone", "Dietphone.Smartphone\Dietphone.Smartphone.csproj", "{2788C479-27D7-4B73-94EA-988274ABB912}"
EndProject
Project("{FAE04EC0-301F-11D3-BF4B-00C04F79EFBC}") = "Dietphone.Phone.Shared", "Dietphone.Phone.Shared\Dietphone.Phone.Shared.csproj", "{5B491308-7819-405D-9F2F-D6949A7022AD}"
EndProject
Project("{FAE04EC0-301F-11D3-BF4B-00C04F79EFBC}") = "Dietphone.Dropbox", "Dietphone.Dropbox\Dietphone.Dropbox.csproj", "{D5F64748-4E67-4BFE-A9C7-80739672C21A}"
EndProject
Project("{FAE04EC0-301F-11D3-BF4B-00C04F79EFBC}") = "Dietphone.Droid", "Dietphone.Droid\Dietphone.Droid.csproj", "{5230CD75-0A49-4A7B-A051-338BF1CAC722}"
EndProject
Global
	GlobalSection(SolutionConfigurationPlatforms) = preSolution
		Debug|Any CPU = Debug|Any CPU
		Debug|ARM = Debug|ARM
		Debug|x86 = Debug|x86
		DebugDroid|Any CPU = DebugDroid|Any CPU
		DebugDroid|ARM = DebugDroid|ARM
		DebugDroid|x86 = DebugDroid|x86
		DebugPhone|Any CPU = DebugPhone|Any CPU
		DebugPhone|ARM = DebugPhone|ARM
		DebugPhone|x86 = DebugPhone|x86
		Release|Any CPU = Release|Any CPU
		Release|ARM = Release|ARM
		Release|x86 = Release|x86
		ReleaseDroid|Any CPU = ReleaseDroid|Any CPU
		ReleaseDroid|ARM = ReleaseDroid|ARM
		ReleaseDroid|x86 = ReleaseDroid|x86
		ReleasePhone|Any CPU = ReleasePhone|Any CPU
		ReleasePhone|ARM = ReleasePhone|ARM
		ReleasePhone|x86 = ReleasePhone|x86
	EndGlobalSection
	GlobalSection(ProjectConfigurationPlatforms) = postSolution
		{87742C9F-0ED0-48E1-81D6-F5DFFF417259}.Debug|Any CPU.ActiveCfg = Debug|Any CPU
		{87742C9F-0ED0-48E1-81D6-F5DFFF417259}.Debug|Any CPU.Build.0 = Debug|Any CPU
		{87742C9F-0ED0-48E1-81D6-F5DFFF417259}.Debug|Any CPU.Deploy.0 = Debug|Any CPU
		{87742C9F-0ED0-48E1-81D6-F5DFFF417259}.Debug|ARM.ActiveCfg = Debug|ARM
		{87742C9F-0ED0-48E1-81D6-F5DFFF417259}.Debug|ARM.Build.0 = Debug|ARM
		{87742C9F-0ED0-48E1-81D6-F5DFFF417259}.Debug|ARM.Deploy.0 = Debug|ARM
		{87742C9F-0ED0-48E1-81D6-F5DFFF417259}.Debug|x86.ActiveCfg = Debug|x86
		{87742C9F-0ED0-48E1-81D6-F5DFFF417259}.Debug|x86.Build.0 = Debug|x86
		{87742C9F-0ED0-48E1-81D6-F5DFFF417259}.Debug|x86.Deploy.0 = Debug|x86
		{87742C9F-0ED0-48E1-81D6-F5DFFF417259}.DebugDroid|Any CPU.ActiveCfg = Debug|Any CPU
		{87742C9F-0ED0-48E1-81D6-F5DFFF417259}.DebugDroid|Any CPU.Build.0 = Debug|Any CPU
		{87742C9F-0ED0-48E1-81D6-F5DFFF417259}.DebugDroid|ARM.ActiveCfg = Debug|ARM
		{87742C9F-0ED0-48E1-81D6-F5DFFF417259}.DebugDroid|ARM.Build.0 = Debug|ARM
		{87742C9F-0ED0-48E1-81D6-F5DFFF417259}.DebugDroid|ARM.Deploy.0 = Debug|ARM
		{87742C9F-0ED0-48E1-81D6-F5DFFF417259}.DebugDroid|x86.ActiveCfg = Debug|x86
		{87742C9F-0ED0-48E1-81D6-F5DFFF417259}.DebugDroid|x86.Build.0 = Debug|x86
		{87742C9F-0ED0-48E1-81D6-F5DFFF417259}.DebugDroid|x86.Deploy.0 = Debug|x86
		{87742C9F-0ED0-48E1-81D6-F5DFFF417259}.DebugPhone|Any CPU.ActiveCfg = Debug|Any CPU
		{87742C9F-0ED0-48E1-81D6-F5DFFF417259}.DebugPhone|Any CPU.Build.0 = Debug|Any CPU
		{87742C9F-0ED0-48E1-81D6-F5DFFF417259}.DebugPhone|Any CPU.Deploy.0 = Debug|Any CPU
		{87742C9F-0ED0-48E1-81D6-F5DFFF417259}.DebugPhone|ARM.ActiveCfg = Debug|ARM
		{87742C9F-0ED0-48E1-81D6-F5DFFF417259}.DebugPhone|ARM.Build.0 = Debug|ARM
		{87742C9F-0ED0-48E1-81D6-F5DFFF417259}.DebugPhone|ARM.Deploy.0 = Debug|ARM
		{87742C9F-0ED0-48E1-81D6-F5DFFF417259}.DebugPhone|x86.ActiveCfg = Debug|x86
		{87742C9F-0ED0-48E1-81D6-F5DFFF417259}.DebugPhone|x86.Build.0 = Debug|x86
		{87742C9F-0ED0-48E1-81D6-F5DFFF417259}.DebugPhone|x86.Deploy.0 = Debug|x86
		{87742C9F-0ED0-48E1-81D6-F5DFFF417259}.Release|Any CPU.ActiveCfg = Release|Any CPU
		{87742C9F-0ED0-48E1-81D6-F5DFFF417259}.Release|Any CPU.Build.0 = Release|Any CPU
		{87742C9F-0ED0-48E1-81D6-F5DFFF417259}.Release|Any CPU.Deploy.0 = Release|Any CPU
		{87742C9F-0ED0-48E1-81D6-F5DFFF417259}.Release|ARM.ActiveCfg = Release|ARM
		{87742C9F-0ED0-48E1-81D6-F5DFFF417259}.Release|ARM.Build.0 = Release|ARM
		{87742C9F-0ED0-48E1-81D6-F5DFFF417259}.Release|ARM.Deploy.0 = Release|ARM
		{87742C9F-0ED0-48E1-81D6-F5DFFF417259}.Release|x86.ActiveCfg = Release|x86
		{87742C9F-0ED0-48E1-81D6-F5DFFF417259}.Release|x86.Build.0 = Release|x86
		{87742C9F-0ED0-48E1-81D6-F5DFFF417259}.Release|x86.Deploy.0 = Release|x86
		{87742C9F-0ED0-48E1-81D6-F5DFFF417259}.ReleaseDroid|Any CPU.ActiveCfg = Release|Any CPU
		{87742C9F-0ED0-48E1-81D6-F5DFFF417259}.ReleaseDroid|Any CPU.Build.0 = Release|Any CPU
		{87742C9F-0ED0-48E1-81D6-F5DFFF417259}.ReleaseDroid|ARM.ActiveCfg = Release|ARM
		{87742C9F-0ED0-48E1-81D6-F5DFFF417259}.ReleaseDroid|ARM.Build.0 = Release|ARM
		{87742C9F-0ED0-48E1-81D6-F5DFFF417259}.ReleaseDroid|ARM.Deploy.0 = Release|ARM
		{87742C9F-0ED0-48E1-81D6-F5DFFF417259}.ReleaseDroid|x86.ActiveCfg = Release|x86
		{87742C9F-0ED0-48E1-81D6-F5DFFF417259}.ReleaseDroid|x86.Build.0 = Release|x86
		{87742C9F-0ED0-48E1-81D6-F5DFFF417259}.ReleaseDroid|x86.Deploy.0 = Release|x86
		{87742C9F-0ED0-48E1-81D6-F5DFFF417259}.ReleasePhone|Any CPU.ActiveCfg = Release|Any CPU
		{87742C9F-0ED0-48E1-81D6-F5DFFF417259}.ReleasePhone|Any CPU.Build.0 = Release|Any CPU
		{87742C9F-0ED0-48E1-81D6-F5DFFF417259}.ReleasePhone|Any CPU.Deploy.0 = Release|Any CPU
		{87742C9F-0ED0-48E1-81D6-F5DFFF417259}.ReleasePhone|ARM.ActiveCfg = Release|ARM
		{87742C9F-0ED0-48E1-81D6-F5DFFF417259}.ReleasePhone|ARM.Build.0 = Release|ARM
		{87742C9F-0ED0-48E1-81D6-F5DFFF417259}.ReleasePhone|ARM.Deploy.0 = Release|ARM
		{87742C9F-0ED0-48E1-81D6-F5DFFF417259}.ReleasePhone|x86.ActiveCfg = Release|x86
		{87742C9F-0ED0-48E1-81D6-F5DFFF417259}.ReleasePhone|x86.Build.0 = Release|x86
		{87742C9F-0ED0-48E1-81D6-F5DFFF417259}.ReleasePhone|x86.Deploy.0 = Release|x86
		{6799EBF8-6CFB-4E40-8743-8DEFD9D4F1AF}.Debug|Any CPU.ActiveCfg = Debug|Any CPU
		{6799EBF8-6CFB-4E40-8743-8DEFD9D4F1AF}.Debug|Any CPU.Build.0 = Debug|Any CPU
		{6799EBF8-6CFB-4E40-8743-8DEFD9D4F1AF}.Debug|ARM.ActiveCfg = Debug|ARM
		{6799EBF8-6CFB-4E40-8743-8DEFD9D4F1AF}.Debug|ARM.Build.0 = Debug|ARM
		{6799EBF8-6CFB-4E40-8743-8DEFD9D4F1AF}.Debug|x86.ActiveCfg = Debug|x86
		{6799EBF8-6CFB-4E40-8743-8DEFD9D4F1AF}.Debug|x86.Build.0 = Debug|x86
		{6799EBF8-6CFB-4E40-8743-8DEFD9D4F1AF}.DebugDroid|Any CPU.ActiveCfg = Debug|Any CPU
		{6799EBF8-6CFB-4E40-8743-8DEFD9D4F1AF}.DebugDroid|Any CPU.Build.0 = Debug|Any CPU
		{6799EBF8-6CFB-4E40-8743-8DEFD9D4F1AF}.DebugDroid|ARM.ActiveCfg = Debug|ARM
		{6799EBF8-6CFB-4E40-8743-8DEFD9D4F1AF}.DebugDroid|ARM.Build.0 = Debug|ARM
		{6799EBF8-6CFB-4E40-8743-8DEFD9D4F1AF}.DebugDroid|x86.ActiveCfg = Debug|x86
		{6799EBF8-6CFB-4E40-8743-8DEFD9D4F1AF}.DebugDroid|x86.Build.0 = Debug|x86
		{6799EBF8-6CFB-4E40-8743-8DEFD9D4F1AF}.DebugPhone|Any CPU.ActiveCfg = Debug|Any CPU
		{6799EBF8-6CFB-4E40-8743-8DEFD9D4F1AF}.DebugPhone|Any CPU.Build.0 = Debug|Any CPU
		{6799EBF8-6CFB-4E40-8743-8DEFD9D4F1AF}.DebugPhone|ARM.ActiveCfg = Debug|ARM
		{6799EBF8-6CFB-4E40-8743-8DEFD9D4F1AF}.DebugPhone|ARM.Build.0 = Debug|ARM
		{6799EBF8-6CFB-4E40-8743-8DEFD9D4F1AF}.DebugPhone|x86.ActiveCfg = Debug|x86
		{6799EBF8-6CFB-4E40-8743-8DEFD9D4F1AF}.DebugPhone|x86.Build.0 = Debug|x86
		{6799EBF8-6CFB-4E40-8743-8DEFD9D4F1AF}.Release|Any CPU.ActiveCfg = Release|Any CPU
		{6799EBF8-6CFB-4E40-8743-8DEFD9D4F1AF}.Release|Any CPU.Build.0 = Release|Any CPU
		{6799EBF8-6CFB-4E40-8743-8DEFD9D4F1AF}.Release|ARM.ActiveCfg = Release|ARM
		{6799EBF8-6CFB-4E40-8743-8DEFD9D4F1AF}.Release|ARM.Build.0 = Release|ARM
		{6799EBF8-6CFB-4E40-8743-8DEFD9D4F1AF}.Release|x86.ActiveCfg = Release|x86
		{6799EBF8-6CFB-4E40-8743-8DEFD9D4F1AF}.Release|x86.Build.0 = Release|x86
		{6799EBF8-6CFB-4E40-8743-8DEFD9D4F1AF}.ReleaseDroid|Any CPU.ActiveCfg = Release|Any CPU
		{6799EBF8-6CFB-4E40-8743-8DEFD9D4F1AF}.ReleaseDroid|Any CPU.Build.0 = Release|Any CPU
		{6799EBF8-6CFB-4E40-8743-8DEFD9D4F1AF}.ReleaseDroid|ARM.ActiveCfg = Release|ARM
		{6799EBF8-6CFB-4E40-8743-8DEFD9D4F1AF}.ReleaseDroid|ARM.Build.0 = Release|ARM
		{6799EBF8-6CFB-4E40-8743-8DEFD9D4F1AF}.ReleaseDroid|x86.ActiveCfg = Release|x86
		{6799EBF8-6CFB-4E40-8743-8DEFD9D4F1AF}.ReleaseDroid|x86.Build.0 = Release|x86
		{6799EBF8-6CFB-4E40-8743-8DEFD9D4F1AF}.ReleasePhone|Any CPU.ActiveCfg = Release|Any CPU
		{6799EBF8-6CFB-4E40-8743-8DEFD9D4F1AF}.ReleasePhone|Any CPU.Build.0 = Release|Any CPU
		{6799EBF8-6CFB-4E40-8743-8DEFD9D4F1AF}.ReleasePhone|ARM.ActiveCfg = Release|ARM
		{6799EBF8-6CFB-4E40-8743-8DEFD9D4F1AF}.ReleasePhone|ARM.Build.0 = Release|ARM
		{6799EBF8-6CFB-4E40-8743-8DEFD9D4F1AF}.ReleasePhone|x86.ActiveCfg = Release|x86
		{6799EBF8-6CFB-4E40-8743-8DEFD9D4F1AF}.ReleasePhone|x86.Build.0 = Release|x86
		{BDC02E97-D6B0-48A8-ABFD-6CFB46DE1D38}.Debug|Any CPU.ActiveCfg = Debug|Any CPU
		{BDC02E97-D6B0-48A8-ABFD-6CFB46DE1D38}.Debug|Any CPU.Build.0 = Debug|Any CPU
		{BDC02E97-D6B0-48A8-ABFD-6CFB46DE1D38}.Debug|ARM.ActiveCfg = Debug|ARM
		{BDC02E97-D6B0-48A8-ABFD-6CFB46DE1D38}.Debug|ARM.Build.0 = Debug|ARM
		{BDC02E97-D6B0-48A8-ABFD-6CFB46DE1D38}.Debug|x86.ActiveCfg = Debug|x86
		{BDC02E97-D6B0-48A8-ABFD-6CFB46DE1D38}.Debug|x86.Build.0 = Debug|x86
		{BDC02E97-D6B0-48A8-ABFD-6CFB46DE1D38}.DebugDroid|Any CPU.ActiveCfg = Debug|Any CPU
		{BDC02E97-D6B0-48A8-ABFD-6CFB46DE1D38}.DebugDroid|Any CPU.Build.0 = Debug|Any CPU
		{BDC02E97-D6B0-48A8-ABFD-6CFB46DE1D38}.DebugDroid|ARM.ActiveCfg = Debug|ARM
		{BDC02E97-D6B0-48A8-ABFD-6CFB46DE1D38}.DebugDroid|ARM.Build.0 = Debug|ARM
		{BDC02E97-D6B0-48A8-ABFD-6CFB46DE1D38}.DebugDroid|x86.ActiveCfg = Debug|x86
		{BDC02E97-D6B0-48A8-ABFD-6CFB46DE1D38}.DebugDroid|x86.Build.0 = Debug|x86
		{BDC02E97-D6B0-48A8-ABFD-6CFB46DE1D38}.DebugPhone|Any CPU.ActiveCfg = Debug|Any CPU
		{BDC02E97-D6B0-48A8-ABFD-6CFB46DE1D38}.DebugPhone|Any CPU.Build.0 = Debug|Any CPU
		{BDC02E97-D6B0-48A8-ABFD-6CFB46DE1D38}.DebugPhone|ARM.ActiveCfg = Debug|ARM
		{BDC02E97-D6B0-48A8-ABFD-6CFB46DE1D38}.DebugPhone|ARM.Build.0 = Debug|ARM
		{BDC02E97-D6B0-48A8-ABFD-6CFB46DE1D38}.DebugPhone|x86.ActiveCfg = Debug|x86
		{BDC02E97-D6B0-48A8-ABFD-6CFB46DE1D38}.DebugPhone|x86.Build.0 = Debug|x86
		{BDC02E97-D6B0-48A8-ABFD-6CFB46DE1D38}.Release|Any CPU.ActiveCfg = Release|Any CPU
		{BDC02E97-D6B0-48A8-ABFD-6CFB46DE1D38}.Release|Any CPU.Build.0 = Release|Any CPU
		{BDC02E97-D6B0-48A8-ABFD-6CFB46DE1D38}.Release|ARM.ActiveCfg = Release|ARM
		{BDC02E97-D6B0-48A8-ABFD-6CFB46DE1D38}.Release|ARM.Build.0 = Release|ARM
		{BDC02E97-D6B0-48A8-ABFD-6CFB46DE1D38}.Release|x86.ActiveCfg = Release|x86
		{BDC02E97-D6B0-48A8-ABFD-6CFB46DE1D38}.Release|x86.Build.0 = Release|x86
		{BDC02E97-D6B0-48A8-ABFD-6CFB46DE1D38}.ReleaseDroid|Any CPU.ActiveCfg = Release|Any CPU
		{BDC02E97-D6B0-48A8-ABFD-6CFB46DE1D38}.ReleaseDroid|Any CPU.Build.0 = Release|Any CPU
		{BDC02E97-D6B0-48A8-ABFD-6CFB46DE1D38}.ReleaseDroid|ARM.ActiveCfg = Release|ARM
		{BDC02E97-D6B0-48A8-ABFD-6CFB46DE1D38}.ReleaseDroid|ARM.Build.0 = Release|ARM
		{BDC02E97-D6B0-48A8-ABFD-6CFB46DE1D38}.ReleaseDroid|x86.ActiveCfg = Release|x86
		{BDC02E97-D6B0-48A8-ABFD-6CFB46DE1D38}.ReleaseDroid|x86.Build.0 = Release|x86
		{BDC02E97-D6B0-48A8-ABFD-6CFB46DE1D38}.ReleasePhone|Any CPU.ActiveCfg = Release|Any CPU
		{BDC02E97-D6B0-48A8-ABFD-6CFB46DE1D38}.ReleasePhone|Any CPU.Build.0 = Release|Any CPU
		{BDC02E97-D6B0-48A8-ABFD-6CFB46DE1D38}.ReleasePhone|ARM.ActiveCfg = Release|ARM
		{BDC02E97-D6B0-48A8-ABFD-6CFB46DE1D38}.ReleasePhone|ARM.Build.0 = Release|ARM
		{BDC02E97-D6B0-48A8-ABFD-6CFB46DE1D38}.ReleasePhone|x86.ActiveCfg = Release|x86
		{BDC02E97-D6B0-48A8-ABFD-6CFB46DE1D38}.ReleasePhone|x86.Build.0 = Release|x86
		{62A44F50-63F5-4F79-A980-1F85A8793E82}.Debug|Any CPU.ActiveCfg = Debug|Any CPU
		{62A44F50-63F5-4F79-A980-1F85A8793E82}.Debug|Any CPU.Build.0 = Debug|Any CPU
		{62A44F50-63F5-4F79-A980-1F85A8793E82}.Debug|ARM.ActiveCfg = Debug|Any CPU
		{62A44F50-63F5-4F79-A980-1F85A8793E82}.Debug|x86.ActiveCfg = Debug|Any CPU
		{62A44F50-63F5-4F79-A980-1F85A8793E82}.DebugDroid|Any CPU.ActiveCfg = Debug|Any CPU
		{62A44F50-63F5-4F79-A980-1F85A8793E82}.DebugDroid|Any CPU.Build.0 = Debug|Any CPU
		{62A44F50-63F5-4F79-A980-1F85A8793E82}.DebugDroid|ARM.ActiveCfg = Debug|Any CPU
		{62A44F50-63F5-4F79-A980-1F85A8793E82}.DebugDroid|x86.ActiveCfg = Debug|Any CPU
		{62A44F50-63F5-4F79-A980-1F85A8793E82}.DebugPhone|Any CPU.ActiveCfg = Debug|Any CPU
		{62A44F50-63F5-4F79-A980-1F85A8793E82}.DebugPhone|Any CPU.Build.0 = Debug|Any CPU
		{62A44F50-63F5-4F79-A980-1F85A8793E82}.DebugPhone|ARM.ActiveCfg = Debug|Any CPU
		{62A44F50-63F5-4F79-A980-1F85A8793E82}.DebugPhone|x86.ActiveCfg = Debug|Any CPU
		{62A44F50-63F5-4F79-A980-1F85A8793E82}.Release|Any CPU.ActiveCfg = Release|Any CPU
		{62A44F50-63F5-4F79-A980-1F85A8793E82}.Release|Any CPU.Build.0 = Release|Any CPU
		{62A44F50-63F5-4F79-A980-1F85A8793E82}.Release|ARM.ActiveCfg = Release|Any CPU
		{62A44F50-63F5-4F79-A980-1F85A8793E82}.Release|x86.ActiveCfg = Release|Any CPU
		{62A44F50-63F5-4F79-A980-1F85A8793E82}.ReleaseDroid|Any CPU.ActiveCfg = Release|Any CPU
		{62A44F50-63F5-4F79-A980-1F85A8793E82}.ReleaseDroid|Any CPU.Build.0 = Release|Any CPU
		{62A44F50-63F5-4F79-A980-1F85A8793E82}.ReleaseDroid|ARM.ActiveCfg = Release|Any CPU
		{62A44F50-63F5-4F79-A980-1F85A8793E82}.ReleaseDroid|x86.ActiveCfg = Release|Any CPU
		{62A44F50-63F5-4F79-A980-1F85A8793E82}.ReleasePhone|Any CPU.ActiveCfg = Release|Any CPU
		{62A44F50-63F5-4F79-A980-1F85A8793E82}.ReleasePhone|Any CPU.Build.0 = Release|Any CPU
		{62A44F50-63F5-4F79-A980-1F85A8793E82}.ReleasePhone|ARM.ActiveCfg = Release|Any CPU
		{62A44F50-63F5-4F79-A980-1F85A8793E82}.ReleasePhone|x86.ActiveCfg = Release|Any CPU
		{BFCCD72A-9BFF-4252-855A-C188B6C7B6FB}.Debug|Any CPU.ActiveCfg = Debug|Any CPU
		{BFCCD72A-9BFF-4252-855A-C188B6C7B6FB}.Debug|Any CPU.Build.0 = Debug|Any CPU
		{BFCCD72A-9BFF-4252-855A-C188B6C7B6FB}.Debug|ARM.ActiveCfg = Debug|Any CPU
		{BFCCD72A-9BFF-4252-855A-C188B6C7B6FB}.Debug|x86.ActiveCfg = Debug|Any CPU
		{BFCCD72A-9BFF-4252-855A-C188B6C7B6FB}.DebugDroid|Any CPU.ActiveCfg = Debug|Any CPU
		{BFCCD72A-9BFF-4252-855A-C188B6C7B6FB}.DebugDroid|Any CPU.Build.0 = Debug|Any CPU
		{BFCCD72A-9BFF-4252-855A-C188B6C7B6FB}.DebugDroid|ARM.ActiveCfg = Debug|Any CPU
		{BFCCD72A-9BFF-4252-855A-C188B6C7B6FB}.DebugDroid|x86.ActiveCfg = Debug|Any CPU
		{BFCCD72A-9BFF-4252-855A-C188B6C7B6FB}.DebugPhone|Any CPU.ActiveCfg = Debug|Any CPU
		{BFCCD72A-9BFF-4252-855A-C188B6C7B6FB}.DebugPhone|Any CPU.Build.0 = Debug|Any CPU
		{BFCCD72A-9BFF-4252-855A-C188B6C7B6FB}.DebugPhone|ARM.ActiveCfg = Debug|Any CPU
		{BFCCD72A-9BFF-4252-855A-C188B6C7B6FB}.DebugPhone|x86.ActiveCfg = Debug|Any CPU
		{BFCCD72A-9BFF-4252-855A-C188B6C7B6FB}.Release|Any CPU.ActiveCfg = Release|Any CPU
		{BFCCD72A-9BFF-4252-855A-C188B6C7B6FB}.Release|Any CPU.Build.0 = Release|Any CPU
		{BFCCD72A-9BFF-4252-855A-C188B6C7B6FB}.Release|ARM.ActiveCfg = Release|Any CPU
		{BFCCD72A-9BFF-4252-855A-C188B6C7B6FB}.Release|x86.ActiveCfg = Release|Any CPU
		{BFCCD72A-9BFF-4252-855A-C188B6C7B6FB}.ReleaseDroid|Any CPU.ActiveCfg = Release|Any CPU
		{BFCCD72A-9BFF-4252-855A-C188B6C7B6FB}.ReleaseDroid|Any CPU.Build.0 = Release|Any CPU
		{BFCCD72A-9BFF-4252-855A-C188B6C7B6FB}.ReleaseDroid|ARM.ActiveCfg = Release|Any CPU
		{BFCCD72A-9BFF-4252-855A-C188B6C7B6FB}.ReleaseDroid|x86.ActiveCfg = Release|Any CPU
		{BFCCD72A-9BFF-4252-855A-C188B6C7B6FB}.ReleasePhone|Any CPU.ActiveCfg = Release|Any CPU
		{BFCCD72A-9BFF-4252-855A-C188B6C7B6FB}.ReleasePhone|Any CPU.Build.0 = Release|Any CPU
		{BFCCD72A-9BFF-4252-855A-C188B6C7B6FB}.ReleasePhone|ARM.ActiveCfg = Release|Any CPU
		{BFCCD72A-9BFF-4252-855A-C188B6C7B6FB}.ReleasePhone|x86.ActiveCfg = Release|Any CPU
		{92635A0B-446F-4A4E-9DCA-13D847B93054}.Debug|Any CPU.ActiveCfg = Debug|Any CPU
		{92635A0B-446F-4A4E-9DCA-13D847B93054}.Debug|Any CPU.Build.0 = Debug|Any CPU
		{92635A0B-446F-4A4E-9DCA-13D847B93054}.Debug|ARM.ActiveCfg = Debug|Any CPU
		{92635A0B-446F-4A4E-9DCA-13D847B93054}.Debug|x86.ActiveCfg = Debug|Any CPU
		{92635A0B-446F-4A4E-9DCA-13D847B93054}.DebugDroid|Any CPU.ActiveCfg = Debug|Any CPU
		{92635A0B-446F-4A4E-9DCA-13D847B93054}.DebugDroid|Any CPU.Build.0 = Debug|Any CPU
		{92635A0B-446F-4A4E-9DCA-13D847B93054}.DebugDroid|ARM.ActiveCfg = Debug|Any CPU
		{92635A0B-446F-4A4E-9DCA-13D847B93054}.DebugDroid|x86.ActiveCfg = Debug|Any CPU
		{92635A0B-446F-4A4E-9DCA-13D847B93054}.DebugPhone|Any CPU.ActiveCfg = Debug|Any CPU
		{92635A0B-446F-4A4E-9DCA-13D847B93054}.DebugPhone|Any CPU.Build.0 = Debug|Any CPU
		{92635A0B-446F-4A4E-9DCA-13D847B93054}.DebugPhone|ARM.ActiveCfg = Debug|Any CPU
		{92635A0B-446F-4A4E-9DCA-13D847B93054}.DebugPhone|x86.ActiveCfg = Debug|Any CPU
		{92635A0B-446F-4A4E-9DCA-13D847B93054}.Release|Any CPU.ActiveCfg = Release|Any CPU
		{92635A0B-446F-4A4E-9DCA-13D847B93054}.Release|Any CPU.Build.0 = Release|Any CPU
		{92635A0B-446F-4A4E-9DCA-13D847B93054}.Release|ARM.ActiveCfg = Release|Any CPU
		{92635A0B-446F-4A4E-9DCA-13D847B93054}.Release|x86.ActiveCfg = Release|Any CPU
		{92635A0B-446F-4A4E-9DCA-13D847B93054}.ReleaseDroid|Any CPU.ActiveCfg = Release|Any CPU
		{92635A0B-446F-4A4E-9DCA-13D847B93054}.ReleaseDroid|Any CPU.Build.0 = Release|Any CPU
		{92635A0B-446F-4A4E-9DCA-13D847B93054}.ReleaseDroid|ARM.ActiveCfg = Release|Any CPU
		{92635A0B-446F-4A4E-9DCA-13D847B93054}.ReleaseDroid|x86.ActiveCfg = Release|Any CPU
		{92635A0B-446F-4A4E-9DCA-13D847B93054}.ReleasePhone|Any CPU.ActiveCfg = Release|Any CPU
		{92635A0B-446F-4A4E-9DCA-13D847B93054}.ReleasePhone|Any CPU.Build.0 = Release|Any CPU
		{92635A0B-446F-4A4E-9DCA-13D847B93054}.ReleasePhone|ARM.ActiveCfg = Release|Any CPU
		{92635A0B-446F-4A4E-9DCA-13D847B93054}.ReleasePhone|x86.ActiveCfg = Release|Any CPU
		{2788C479-27D7-4B73-94EA-988274ABB912}.Debug|Any CPU.ActiveCfg = Debug|Any CPU
		{2788C479-27D7-4B73-94EA-988274ABB912}.Debug|Any CPU.Build.0 = Debug|Any CPU
		{2788C479-27D7-4B73-94EA-988274ABB912}.Debug|ARM.ActiveCfg = Debug|Any CPU
		{2788C479-27D7-4B73-94EA-988274ABB912}.Debug|x86.ActiveCfg = Debug|Any CPU
		{2788C479-27D7-4B73-94EA-988274ABB912}.DebugDroid|Any CPU.ActiveCfg = Debug|Any CPU
		{2788C479-27D7-4B73-94EA-988274ABB912}.DebugDroid|Any CPU.Build.0 = Debug|Any CPU
		{2788C479-27D7-4B73-94EA-988274ABB912}.DebugDroid|ARM.ActiveCfg = Debug|Any CPU
		{2788C479-27D7-4B73-94EA-988274ABB912}.DebugDroid|x86.ActiveCfg = Debug|Any CPU
		{2788C479-27D7-4B73-94EA-988274ABB912}.DebugPhone|Any CPU.ActiveCfg = Debug|Any CPU
		{2788C479-27D7-4B73-94EA-988274ABB912}.DebugPhone|Any CPU.Build.0 = Debug|Any CPU
		{2788C479-27D7-4B73-94EA-988274ABB912}.DebugPhone|ARM.ActiveCfg = Debug|Any CPU
		{2788C479-27D7-4B73-94EA-988274ABB912}.DebugPhone|x86.ActiveCfg = Debug|Any CPU
		{2788C479-27D7-4B73-94EA-988274ABB912}.Release|Any CPU.ActiveCfg = Release|Any CPU
		{2788C479-27D7-4B73-94EA-988274ABB912}.Release|Any CPU.Build.0 = Release|Any CPU
		{2788C479-27D7-4B73-94EA-988274ABB912}.Release|ARM.ActiveCfg = Release|Any CPU
		{2788C479-27D7-4B73-94EA-988274ABB912}.Release|x86.ActiveCfg = Release|Any CPU
		{2788C479-27D7-4B73-94EA-988274ABB912}.ReleaseDroid|Any CPU.ActiveCfg = Release|Any CPU
		{2788C479-27D7-4B73-94EA-988274ABB912}.ReleaseDroid|Any CPU.Build.0 = Release|Any CPU
		{2788C479-27D7-4B73-94EA-988274ABB912}.ReleaseDroid|ARM.ActiveCfg = Release|Any CPU
		{2788C479-27D7-4B73-94EA-988274ABB912}.ReleaseDroid|x86.ActiveCfg = Release|Any CPU
		{2788C479-27D7-4B73-94EA-988274ABB912}.ReleasePhone|Any CPU.ActiveCfg = Release|Any CPU
		{2788C479-27D7-4B73-94EA-988274ABB912}.ReleasePhone|Any CPU.Build.0 = Release|Any CPU
		{2788C479-27D7-4B73-94EA-988274ABB912}.ReleasePhone|ARM.ActiveCfg = Release|Any CPU
		{2788C479-27D7-4B73-94EA-988274ABB912}.ReleasePhone|x86.ActiveCfg = Release|Any CPU
		{5B491308-7819-405D-9F2F-D6949A7022AD}.Debug|Any CPU.ActiveCfg = Debug|Any CPU
		{5B491308-7819-405D-9F2F-D6949A7022AD}.Debug|Any CPU.Build.0 = Debug|Any CPU
		{5B491308-7819-405D-9F2F-D6949A7022AD}.Debug|ARM.ActiveCfg = Debug|ARM
		{5B491308-7819-405D-9F2F-D6949A7022AD}.Debug|ARM.Build.0 = Debug|ARM
		{5B491308-7819-405D-9F2F-D6949A7022AD}.Debug|x86.ActiveCfg = Debug|x86
		{5B491308-7819-405D-9F2F-D6949A7022AD}.Debug|x86.Build.0 = Debug|x86
		{5B491308-7819-405D-9F2F-D6949A7022AD}.DebugDroid|Any CPU.ActiveCfg = Debug|Any CPU
		{5B491308-7819-405D-9F2F-D6949A7022AD}.DebugDroid|Any CPU.Build.0 = Debug|Any CPU
		{5B491308-7819-405D-9F2F-D6949A7022AD}.DebugDroid|ARM.ActiveCfg = Debug|ARM
		{5B491308-7819-405D-9F2F-D6949A7022AD}.DebugDroid|ARM.Build.0 = Debug|ARM
		{5B491308-7819-405D-9F2F-D6949A7022AD}.DebugDroid|x86.ActiveCfg = Debug|x86
		{5B491308-7819-405D-9F2F-D6949A7022AD}.DebugDroid|x86.Build.0 = Debug|x86
		{5B491308-7819-405D-9F2F-D6949A7022AD}.DebugPhone|Any CPU.ActiveCfg = Debug|Any CPU
		{5B491308-7819-405D-9F2F-D6949A7022AD}.DebugPhone|Any CPU.Build.0 = Debug|Any CPU
		{5B491308-7819-405D-9F2F-D6949A7022AD}.DebugPhone|ARM.ActiveCfg = Debug|ARM
		{5B491308-7819-405D-9F2F-D6949A7022AD}.DebugPhone|ARM.Build.0 = Debug|ARM
		{5B491308-7819-405D-9F2F-D6949A7022AD}.DebugPhone|x86.ActiveCfg = Debug|x86
		{5B491308-7819-405D-9F2F-D6949A7022AD}.DebugPhone|x86.Build.0 = Debug|x86
		{5B491308-7819-405D-9F2F-D6949A7022AD}.Release|Any CPU.ActiveCfg = Release|Any CPU
		{5B491308-7819-405D-9F2F-D6949A7022AD}.Release|Any CPU.Build.0 = Release|Any CPU
		{5B491308-7819-405D-9F2F-D6949A7022AD}.Release|ARM.ActiveCfg = Release|ARM
		{5B491308-7819-405D-9F2F-D6949A7022AD}.Release|ARM.Build.0 = Release|ARM
		{5B491308-7819-405D-9F2F-D6949A7022AD}.Release|x86.ActiveCfg = Release|x86
		{5B491308-7819-405D-9F2F-D6949A7022AD}.Release|x86.Build.0 = Release|x86
		{5B491308-7819-405D-9F2F-D6949A7022AD}.ReleaseDroid|Any CPU.ActiveCfg = Release|Any CPU
		{5B491308-7819-405D-9F2F-D6949A7022AD}.ReleaseDroid|Any CPU.Build.0 = Release|Any CPU
		{5B491308-7819-405D-9F2F-D6949A7022AD}.ReleaseDroid|ARM.ActiveCfg = Release|ARM
		{5B491308-7819-405D-9F2F-D6949A7022AD}.ReleaseDroid|ARM.Build.0 = Release|ARM
		{5B491308-7819-405D-9F2F-D6949A7022AD}.ReleaseDroid|x86.ActiveCfg = Release|x86
		{5B491308-7819-405D-9F2F-D6949A7022AD}.ReleaseDroid|x86.Build.0 = Release|x86
		{5B491308-7819-405D-9F2F-D6949A7022AD}.ReleasePhone|Any CPU.ActiveCfg = Release|Any CPU
		{5B491308-7819-405D-9F2F-D6949A7022AD}.ReleasePhone|Any CPU.Build.0 = Release|Any CPU
		{5B491308-7819-405D-9F2F-D6949A7022AD}.ReleasePhone|ARM.ActiveCfg = Release|ARM
		{5B491308-7819-405D-9F2F-D6949A7022AD}.ReleasePhone|ARM.Build.0 = Release|ARM
		{5B491308-7819-405D-9F2F-D6949A7022AD}.ReleasePhone|x86.ActiveCfg = Release|x86
		{5B491308-7819-405D-9F2F-D6949A7022AD}.ReleasePhone|x86.Build.0 = Release|x86
		{D5F64748-4E67-4BFE-A9C7-80739672C21A}.Debug|Any CPU.ActiveCfg = Debug|Any CPU
		{D5F64748-4E67-4BFE-A9C7-80739672C21A}.Debug|Any CPU.Build.0 = Debug|Any CPU
		{D5F64748-4E67-4BFE-A9C7-80739672C21A}.Debug|ARM.ActiveCfg = Debug|Any CPU
		{D5F64748-4E67-4BFE-A9C7-80739672C21A}.Debug|x86.ActiveCfg = Debug|Any CPU
		{D5F64748-4E67-4BFE-A9C7-80739672C21A}.DebugDroid|Any CPU.ActiveCfg = Debug|Any CPU
		{D5F64748-4E67-4BFE-A9C7-80739672C21A}.DebugDroid|Any CPU.Build.0 = Debug|Any CPU
		{D5F64748-4E67-4BFE-A9C7-80739672C21A}.DebugDroid|ARM.ActiveCfg = Debug|Any CPU
		{D5F64748-4E67-4BFE-A9C7-80739672C21A}.DebugDroid|x86.ActiveCfg = Debug|Any CPU
		{D5F64748-4E67-4BFE-A9C7-80739672C21A}.DebugPhone|Any CPU.ActiveCfg = Debug|Any CPU
		{D5F64748-4E67-4BFE-A9C7-80739672C21A}.DebugPhone|Any CPU.Build.0 = Debug|Any CPU
		{D5F64748-4E67-4BFE-A9C7-80739672C21A}.DebugPhone|ARM.ActiveCfg = Debug|Any CPU
		{D5F64748-4E67-4BFE-A9C7-80739672C21A}.DebugPhone|x86.ActiveCfg = Debug|Any CPU
		{D5F64748-4E67-4BFE-A9C7-80739672C21A}.Release|Any CPU.ActiveCfg = Release|Any CPU
		{D5F64748-4E67-4BFE-A9C7-80739672C21A}.Release|Any CPU.Build.0 = Release|Any CPU
		{D5F64748-4E67-4BFE-A9C7-80739672C21A}.Release|ARM.ActiveCfg = Release|Any CPU
		{D5F64748-4E67-4BFE-A9C7-80739672C21A}.Release|x86.ActiveCfg = Release|Any CPU
		{D5F64748-4E67-4BFE-A9C7-80739672C21A}.ReleaseDroid|Any CPU.ActiveCfg = Release|Any CPU
		{D5F64748-4E67-4BFE-A9C7-80739672C21A}.ReleaseDroid|Any CPU.Build.0 = Release|Any CPU
		{D5F64748-4E67-4BFE-A9C7-80739672C21A}.ReleaseDroid|ARM.ActiveCfg = Release|Any CPU
		{D5F64748-4E67-4BFE-A9C7-80739672C21A}.ReleaseDroid|x86.ActiveCfg = Release|Any CPU
		{D5F64748-4E67-4BFE-A9C7-80739672C21A}.ReleasePhone|Any CPU.ActiveCfg = Release|Any CPU
		{D5F64748-4E67-4BFE-A9C7-80739672C21A}.ReleasePhone|Any CPU.Build.0 = Release|Any CPU
		{D5F64748-4E67-4BFE-A9C7-80739672C21A}.ReleasePhone|ARM.ActiveCfg = Release|Any CPU
		{D5F64748-4E67-4BFE-A9C7-80739672C21A}.ReleasePhone|x86.ActiveCfg = Release|Any CPU
		{5230CD75-0A49-4A7B-A051-338BF1CAC722}.Debug|Any CPU.ActiveCfg = Debug|Any CPU
		{5230CD75-0A49-4A7B-A051-338BF1CAC722}.Debug|Any CPU.Build.0 = Debug|Any CPU
		{5230CD75-0A49-4A7B-A051-338BF1CAC722}.Debug|Any CPU.Deploy.0 = Debug|Any CPU
		{5230CD75-0A49-4A7B-A051-338BF1CAC722}.Debug|ARM.ActiveCfg = Debug|Any CPU
		{5230CD75-0A49-4A7B-A051-338BF1CAC722}.Debug|ARM.Build.0 = Debug|Any CPU
		{5230CD75-0A49-4A7B-A051-338BF1CAC722}.Debug|ARM.Deploy.0 = Debug|Any CPU
		{5230CD75-0A49-4A7B-A051-338BF1CAC722}.Debug|x86.ActiveCfg = Debug|Any CPU
		{5230CD75-0A49-4A7B-A051-338BF1CAC722}.Debug|x86.Build.0 = Debug|Any CPU
		{5230CD75-0A49-4A7B-A051-338BF1CAC722}.Debug|x86.Deploy.0 = Debug|Any CPU
		{5230CD75-0A49-4A7B-A051-338BF1CAC722}.DebugDroid|Any CPU.ActiveCfg = Debug|Any CPU
		{5230CD75-0A49-4A7B-A051-338BF1CAC722}.DebugDroid|Any CPU.Build.0 = Debug|Any CPU
		{5230CD75-0A49-4A7B-A051-338BF1CAC722}.DebugDroid|Any CPU.Deploy.0 = Debug|Any CPU
		{5230CD75-0A49-4A7B-A051-338BF1CAC722}.DebugDroid|ARM.ActiveCfg = Debug|Any CPU
		{5230CD75-0A49-4A7B-A051-338BF1CAC722}.DebugDroid|ARM.Build.0 = Debug|Any CPU
		{5230CD75-0A49-4A7B-A051-338BF1CAC722}.DebugDroid|ARM.Deploy.0 = Debug|Any CPU
		{5230CD75-0A49-4A7B-A051-338BF1CAC722}.DebugDroid|x86.ActiveCfg = Debug|Any CPU
		{5230CD75-0A49-4A7B-A051-338BF1CAC722}.DebugDroid|x86.Build.0 = Debug|Any CPU
		{5230CD75-0A49-4A7B-A051-338BF1CAC722}.DebugDroid|x86.Deploy.0 = Debug|Any CPU
		{5230CD75-0A49-4A7B-A051-338BF1CAC722}.DebugPhone|Any CPU.ActiveCfg = Debug|Any CPU
		{5230CD75-0A49-4A7B-A051-338BF1CAC722}.DebugPhone|Any CPU.Build.0 = Debug|Any CPU
		{5230CD75-0A49-4A7B-A051-338BF1CAC722}.DebugPhone|ARM.ActiveCfg = Debug|Any CPU
		{5230CD75-0A49-4A7B-A051-338BF1CAC722}.DebugPhone|ARM.Build.0 = Debug|Any CPU
		{5230CD75-0A49-4A7B-A051-338BF1CAC722}.DebugPhone|ARM.Deploy.0 = Debug|Any CPU
		{5230CD75-0A49-4A7B-A051-338BF1CAC722}.DebugPhone|x86.ActiveCfg = Debug|Any CPU
		{5230CD75-0A49-4A7B-A051-338BF1CAC722}.DebugPhone|x86.Build.0 = Debug|Any CPU
		{5230CD75-0A49-4A7B-A051-338BF1CAC722}.DebugPhone|x86.Deploy.0 = Debug|Any CPU
		{5230CD75-0A49-4A7B-A051-338BF1CAC722}.Release|Any CPU.ActiveCfg = Release|Any CPU
		{5230CD75-0A49-4A7B-A051-338BF1CAC722}.Release|Any CPU.Build.0 = Release|Any CPU
		{5230CD75-0A49-4A7B-A051-338BF1CAC722}.Release|Any CPU.Deploy.0 = Release|Any CPU
		{5230CD75-0A49-4A7B-A051-338BF1CAC722}.Release|ARM.ActiveCfg = Release|Any CPU
		{5230CD75-0A49-4A7B-A051-338BF1CAC722}.Release|ARM.Build.0 = Release|Any CPU
		{5230CD75-0A49-4A7B-A051-338BF1CAC722}.Release|ARM.Deploy.0 = Release|Any CPU
		{5230CD75-0A49-4A7B-A051-338BF1CAC722}.Release|x86.ActiveCfg = Release|Any CPU
		{5230CD75-0A49-4A7B-A051-338BF1CAC722}.Release|x86.Build.0 = Release|Any CPU
		{5230CD75-0A49-4A7B-A051-338BF1CAC722}.Release|x86.Deploy.0 = Release|Any CPU
		{5230CD75-0A49-4A7B-A051-338BF1CAC722}.ReleaseDroid|Any CPU.ActiveCfg = Release|Any CPU
		{5230CD75-0A49-4A7B-A051-338BF1CAC722}.ReleaseDroid|Any CPU.Build.0 = Release|Any CPU
		{5230CD75-0A49-4A7B-A051-338BF1CAC722}.ReleaseDroid|Any CPU.Deploy.0 = Release|Any CPU
		{5230CD75-0A49-4A7B-A051-338BF1CAC722}.ReleaseDroid|ARM.ActiveCfg = Release|Any CPU
		{5230CD75-0A49-4A7B-A051-338BF1CAC722}.ReleaseDroid|ARM.Build.0 = Release|Any CPU
		{5230CD75-0A49-4A7B-A051-338BF1CAC722}.ReleaseDroid|ARM.Deploy.0 = Release|Any CPU
		{5230CD75-0A49-4A7B-A051-338BF1CAC722}.ReleaseDroid|x86.ActiveCfg = Release|Any CPU
		{5230CD75-0A49-4A7B-A051-338BF1CAC722}.ReleaseDroid|x86.Build.0 = Release|Any CPU
		{5230CD75-0A49-4A7B-A051-338BF1CAC722}.ReleaseDroid|x86.Deploy.0 = Release|Any CPU
		{5230CD75-0A49-4A7B-A051-338BF1CAC722}.ReleasePhone|Any CPU.ActiveCfg = Release|Any CPU
		{5230CD75-0A49-4A7B-A051-338BF1CAC722}.ReleasePhone|Any CPU.Build.0 = Release|Any CPU
		{5230CD75-0A49-4A7B-A051-338BF1CAC722}.ReleasePhone|ARM.ActiveCfg = Release|Any CPU
		{5230CD75-0A49-4A7B-A051-338BF1CAC722}.ReleasePhone|ARM.Build.0 = Release|Any CPU
		{5230CD75-0A49-4A7B-A051-338BF1CAC722}.ReleasePhone|ARM.Deploy.0 = Release|Any CPU
		{5230CD75-0A49-4A7B-A051-338BF1CAC722}.ReleasePhone|x86.ActiveCfg = Release|Any CPU
		{5230CD75-0A49-4A7B-A051-338BF1CAC722}.ReleasePhone|x86.Build.0 = Release|Any CPU
		{5230CD75-0A49-4A7B-A051-338BF1CAC722}.ReleasePhone|x86.Deploy.0 = Release|Any CPU
	EndGlobalSection
	GlobalSection(SolutionProperties) = preSolution
		HideSolutionNode = FALSE
	EndGlobalSection
	GlobalSection(TestCaseManagementSettings) = postSolution
		CategoryFile = Dietphone.vsmdi
	EndGlobalSection
EndGlobal
